
Microsoft Visual Studio Solution File, Format Version 12.00
# Visual Studio Version 16
VisualStudioVersion = 16.0.30517.126
MinimumVisualStudioVersion = 10.0.40219.1
Project("{8BC9CEB8-8B4A-11D0-8D11-00A0C91BC942}") = "SQLab2", "SQLab2\SQLab2.vcxproj", "{4FD919EC-EEBC-47D9-A68B-01A7998725DB}"
EndProject
Project("{8BC9CEB8-8B4A-11D0-8D11-00A0C91BC942}") = "TriangleUnitTest", "TriangleUnitTest\TriangleUnitTest.vcxproj", "{91A814F3-84C6-4E69-ABE0-71952C0EBFD6}"
EndProject
Global
	GlobalSection(SolutionConfigurationPlatforms) = preSolution
		Debug|x64 = Debug|x64
		Debug|x86 = Debug|x86
		Release|x64 = Release|x64
		Release|x86 = Release|x86
	EndGlobalSection
	GlobalSection(ProjectConfigurationPlatforms) = postSolution
		{4FD919EC-EEBC-47D9-A68B-01A7998725DB}.Debug|x64.ActiveCfg = Debug|x64
		{4FD919EC-EEBC-47D9-A68B-01A7998725DB}.Debug|x64.Build.0 = Debug|x64
		{4FD919EC-EEBC-47D9-A68B-01A7998725DB}.Debug|x86.ActiveCfg = Debug|Win32
		{4FD919EC-EEBC-47D9-A68B-01A7998725DB}.Debug|x86.Build.0 = Debug|Win32
		{4FD919EC-EEBC-47D9-A68B-01A7998725DB}.Release|x64.ActiveCfg = Release|x64
		{4FD919EC-EEBC-47D9-A68B-01A7998725DB}.Release|x64.Build.0 = Release|x64
		{4FD919EC-EEBC-47D9-A68B-01A7998725DB}.Release|x86.ActiveCfg = Release|Win32
		{4FD919EC-EEBC-47D9-A68B-01A7998725DB}.Release|x86.Build.0 = Release|Win32
		{91A814F3-84C6-4E69-ABE0-71952C0EBFD6}.Debug|x64.ActiveCfg = Debug|x64
		{91A814F3-84C6-4E69-ABE0-71952C0EBFD6}.Debug|x64.Build.0 = Debug|x64
		{91A814F3-84C6-4E69-ABE0-71952C0EBFD6}.Debug|x86.ActiveCfg = Debug|Win32
		{91A814F3-84C6-4E69-ABE0-71952C0EBFD6}.Debug|x86.Build.0 = Debug|Win32
		{91A814F3-84C6-4E69-ABE0-71952C0EBFD6}.Release|x64.ActiveCfg = Release|x64
		{91A814F3-84C6-4E69-ABE0-71952C0EBFD6}.Release|x64.Build.0 = Release|x64
		{91A814F3-84C6-4E69-ABE0-71952C0EBFD6}.Release|x86.ActiveCfg = Release|Win32
		{91A814F3-84C6-4E69-ABE0-71952C0EBFD6}.Release|x86.Build.0 = Release|Win32
	EndGlobalSection
	GlobalSection(SolutionProperties) = preSolution
		HideSolutionNode = FALSE
	EndGlobalSection
	GlobalSection(ExtensibilityGlobals) = postSolution
		SolutionGuid = {BD1B1AB2-E008-44F9-8186-828A0D8CBF2E}
	EndGlobalSection
EndGlobal
